
Microsoft Visual Studio Solution File, Format Version 12.00
# Visual Studio 15
Project("{FAE04EC0-301F-11D3-BF4B-00C04F79EFBC}") = "Assembly-CSharp", "Assembly-CSharp.csproj", "{07F8E9A8-12F2-7B49-72D4-A4609CDB97DA}"
EndProject
Project("{FAE04EC0-301F-11D3-BF4B-00C04F79EFBC}") = "Assembly-CSharp-Editor", "Assembly-CSharp-Editor.csproj", "{9B883B24-7B75-346B-80D6-8F112F643FF2}"
EndProject
Global
	GlobalSection(SolutionConfigurationPlatforms) = preSolution
		Debug|Any CPU = Debug|Any CPU
		Release|Any CPU = Release|Any CPU
	EndGlobalSection
	GlobalSection(ProjectConfigurationPlatforms) = postSolution
		{07F8E9A8-12F2-7B49-72D4-A4609CDB97DA}.Debug|Any CPU.ActiveCfg = Debug|Any CPU
		{07F8E9A8-12F2-7B49-72D4-A4609CDB97DA}.Debug|Any CPU.Build.0 = Debug|Any CPU
		{07F8E9A8-12F2-7B49-72D4-A4609CDB97DA}.Release|Any CPU.ActiveCfg = Release|Any CPU
		{07F8E9A8-12F2-7B49-72D4-A4609CDB97DA}.Release|Any CPU.Build.0 = Release|Any CPU
		{9B883B24-7B75-346B-80D6-8F112F643FF2}.Debug|Any CPU.ActiveCfg = Debug|Any CPU
		{9B883B24-7B75-346B-80D6-8F112F643FF2}.Debug|Any CPU.Build.0 = Debug|Any CPU
		{9B883B24-7B75-346B-80D6-8F112F643FF2}.Release|Any CPU.ActiveCfg = Release|Any CPU
		{9B883B24-7B75-346B-80D6-8F112F643FF2}.Release|Any CPU.Build.0 = Release|Any CPU
	EndGlobalSection
	GlobalSection(SolutionProperties) = preSolution
		HideSolutionNode = FALSE
	EndGlobalSection
EndGlobal
